
Microsoft Visual Studio Solution File, Format Version 12.00
# Visual Studio Version 16
VisualStudioVersion = 16.0.29519.87
MinimumVisualStudioVersion = 10.0.40219.1
Project("{FAE04EC0-301F-11D3-BF4B-00C04F79EFBC}") = "PcsHackday1", "PcsHackday1.csproj", "{A2BBA8B8-7DCB-4E25-B323-C1AF8FF18138}"
EndProject
Global
	GlobalSection(SolutionConfigurationPlatforms) = preSolution
		Debug|Any CPU = Debug|Any CPU
		Release|Any CPU = Release|Any CPU
	EndGlobalSection
	GlobalSection(ProjectConfigurationPlatforms) = postSolution
		{A2BBA8B8-7DCB-4E25-B323-C1AF8FF18138}.Debug|Any CPU.ActiveCfg = Debug|Any CPU
		{A2BBA8B8-7DCB-4E25-B323-C1AF8FF18138}.Debug|Any CPU.Build.0 = Debug|Any CPU
		{A2BBA8B8-7DCB-4E25-B323-C1AF8FF18138}.Release|Any CPU.ActiveCfg = Release|Any CPU
		{A2BBA8B8-7DCB-4E25-B323-C1AF8FF18138}.Release|Any CPU.Build.0 = Release|Any CPU
	EndGlobalSection
	GlobalSection(SolutionProperties) = preSolution
		HideSolutionNode = FALSE
	EndGlobalSection
	GlobalSection(ExtensibilityGlobals) = postSolution
		SolutionGuid = {D52BBDEB-FDBE-4CED-8305-4C0D9D6A899B}
	EndGlobalSection
EndGlobal
